{
    "version": 3,
    "terraform_version": "0.11.11",
    "serial": 5,
    "lineage": "29390796-1e23-5187-4c7c-5d351f6244c4",
    "modules": [
        {
            "path": [
                "root"
            ],
            "outputs": {},
            "resources": {
                "azurerm_network_interface.NIC1": {
                    "type": "azurerm_network_interface",
                    "depends_on": [
                        "azurerm_network_security_group.myNsg1",
                        "azurerm_public_ip.myPubIp1",
                        "azurerm_resource_group.rg",
                        "azurerm_subnet.mySubnet1"
                    ],
                    "primary": {
                        "id": "/subscriptions/3ce1e65b-0d33-4c30-b8f0-d9414f79745c/resourceGroups/RgFormationTerraform/providers/Microsoft.Network/networkInterfaces/NIC1",
                        "attributes": {
                            "applied_dns_servers.#": "0",
                            "dns_servers.#": "0",
                            "enable_accelerated_networking": "false",
                            "enable_ip_forwarding": "false",
                            "id": "/subscriptions/3ce1e65b-0d33-4c30-b8f0-d9414f79745c/resourceGroups/RgFormationTerraform/providers/Microsoft.Network/networkInterfaces/NIC1",
                            "internal_dns_name_label": "",
                            "internal_fqdn": "",
                            "ip_configuration.#": "1",
                            "ip_configuration.0.application_gateway_backend_address_pools_ids.#": "0",
                            "ip_configuration.0.application_security_group_ids.#": "0",
                            "ip_configuration.0.load_balancer_backend_address_pools_ids.#": "0",
                            "ip_configuration.0.load_balancer_inbound_nat_rules_ids.#": "0",
                            "ip_configuration.0.name": "TestNICCONFG1",
                            "ip_configuration.0.primary": "true",
                            "ip_configuration.0.private_ip_address": "10.0.0.4",
                            "ip_configuration.0.private_ip_address_allocation": "dynamic",
                            "ip_configuration.0.private_ip_address_version": "IPv4",
                            "ip_configuration.0.public_ip_address_id": "/subscriptions/3ce1e65b-0d33-4c30-b8f0-d9414f79745c/resourceGroups/RgFormationTerraform/providers/Microsoft.Network/publicIPAddresses/myPubIp1",
                            "ip_configuration.0.subnet_id": "/subscriptions/3ce1e65b-0d33-4c30-b8f0-d9414f79745c/resourceGroups/RgFormationTerraform/providers/Microsoft.Network/virtualNetworks/testVnet/subnets/mySubnet1",
                            "location": "francecentral",
                            "mac_address": "00-0D-3A-89-B4-A6",
                            "name": "NIC1",
                            "network_security_group_id": "/subscriptions/3ce1e65b-0d33-4c30-b8f0-d9414f79745c/resourceGroups/RgFormationTerraform/providers/Microsoft.Network/networkSecurityGroups/myNsg1",
                            "private_ip_address": "10.0.0.4",
                            "private_ip_addresses.#": "1",
                            "private_ip_addresses.0": "10.0.0.4",
                            "resource_group_name": "RgFormationTerraform",
                            "tags.%": "0",
                            "virtual_machine_id": "/subscriptions/3ce1e65b-0d33-4c30-b8f0-d9414f79745c/resourceGroups/RgFormationTerraform/providers/Microsoft.Compute/virtualMachines/Vm1"
                        },
                        "meta": {},
                        "tainted": false
                    },
                    "deposed": [],
                    "provider": "provider.azurerm"
                },
                "azurerm_network_interface.NIC2": {
                    "type": "azurerm_network_interface",
                    "depends_on": [
                        "azurerm_network_security_group.myNsg2",
                        "azurerm_public_ip.myPubIp2",
                        "azurerm_resource_group.rg",
                        "azurerm_subnet.mySubnet2"
                    ],
                    "primary": {
                        "id": "/subscriptions/3ce1e65b-0d33-4c30-b8f0-d9414f79745c/resourceGroups/RgFormationTerraform/providers/Microsoft.Network/networkInterfaces/NIC2",
                        "attributes": {
                            "applied_dns_servers.#": "0",
                            "dns_servers.#": "0",
                            "enable_accelerated_networking": "false",
                            "enable_ip_forwarding": "false",
                            "id": "/subscriptions/3ce1e65b-0d33-4c30-b8f0-d9414f79745c/resourceGroups/RgFormationTerraform/providers/Microsoft.Network/networkInterfaces/NIC2",
                            "internal_dns_name_label": "",
                            "internal_fqdn": "",
                            "ip_configuration.#": "1",
                            "ip_configuration.0.application_gateway_backend_address_pools_ids.#": "0",
                            "ip_configuration.0.application_security_group_ids.#": "0",
                            "ip_configuration.0.load_balancer_backend_address_pools_ids.#": "0",
                            "ip_configuration.0.load_balancer_inbound_nat_rules_ids.#": "0",
                            "ip_configuration.0.name": "TestNICCONFG2",
                            "ip_configuration.0.primary": "true",
                            "ip_configuration.0.private_ip_address": "10.0.1.4",
                            "ip_configuration.0.private_ip_address_allocation": "dynamic",
                            "ip_configuration.0.private_ip_address_version": "IPv4",
                            "ip_configuration.0.public_ip_address_id": "/subscriptions/3ce1e65b-0d33-4c30-b8f0-d9414f79745c/resourceGroups/RgFormationTerraform/providers/Microsoft.Network/publicIPAddresses/myPubIp2",
                            "ip_configuration.0.subnet_id": "/subscriptions/3ce1e65b-0d33-4c30-b8f0-d9414f79745c/resourceGroups/RgFormationTerraform/providers/Microsoft.Network/virtualNetworks/testVnet/subnets/mySubnet2",
                            "location": "francecentral",
                            "mac_address": "",
                            "name": "NIC2",
                            "network_security_group_id": "/subscriptions/3ce1e65b-0d33-4c30-b8f0-d9414f79745c/resourceGroups/RgFormationTerraform/providers/Microsoft.Network/networkSecurityGroups/myNsg2",
                            "private_ip_address": "10.0.1.4",
                            "private_ip_addresses.#": "1",
                            "private_ip_addresses.0": "10.0.1.4",
                            "resource_group_name": "RgFormationTerraform",
                            "tags.%": "0"
                        },
                        "meta": {},
                        "tainted": false
                    },
                    "deposed": [],
                    "provider": "provider.azurerm"
                },
                "azurerm_network_security_group.myNsg1": {
                    "type": "azurerm_network_security_group",
                    "depends_on": [
                        "azurerm_resource_group.rg"
                    ],
                    "primary": {
                        "id": "/subscriptions/3ce1e65b-0d33-4c30-b8f0-d9414f79745c/resourceGroups/RgFormationTerraform/providers/Microsoft.Network/networkSecurityGroups/myNsg1",
                        "attributes": {
                            "id": "/subscriptions/3ce1e65b-0d33-4c30-b8f0-d9414f79745c/resourceGroups/RgFormationTerraform/providers/Microsoft.Network/networkSecurityGroups/myNsg1",
                            "location": "francecentral",
                            "name": "myNsg1",
                            "resource_group_name": "RgFormationTerraform",
                            "security_rule.#": "2",
                            "security_rule.2090309246.access": "Allow",
                            "security_rule.2090309246.description": "",
                            "security_rule.2090309246.destination_address_prefix": "*",
                            "security_rule.2090309246.destination_address_prefixes.#": "0",
                            "security_rule.2090309246.destination_application_security_group_ids.#": "0",
                            "security_rule.2090309246.destination_port_range": "22",
                            "security_rule.2090309246.destination_port_ranges.#": "0",
                            "security_rule.2090309246.direction": "Inbound",
                            "security_rule.2090309246.name": "SSH",
                            "security_rule.2090309246.priority": "1001",
                            "security_rule.2090309246.protocol": "Tcp",
                            "security_rule.2090309246.source_address_prefix": "*",
                            "security_rule.2090309246.source_address_prefixes.#": "0",
                            "security_rule.2090309246.source_application_security_group_ids.#": "0",
                            "security_rule.2090309246.source_port_range": "*",
                            "security_rule.2090309246.source_port_ranges.#": "0",
                            "security_rule.2455716876.access": "Allow",
                            "security_rule.2455716876.description": "",
                            "security_rule.2455716876.destination_address_prefix": "*",
                            "security_rule.2455716876.destination_address_prefixes.#": "0",
                            "security_rule.2455716876.destination_application_security_group_ids.#": "0",
                            "security_rule.2455716876.destination_port_range": "80",
                            "security_rule.2455716876.destination_port_ranges.#": "0",
                            "security_rule.2455716876.direction": "Inbound",
                            "security_rule.2455716876.name": "HTTP",
                            "security_rule.2455716876.priority": "1002",
                            "security_rule.2455716876.protocol": "Tcp",
                            "security_rule.2455716876.source_address_prefix": "*",
                            "security_rule.2455716876.source_address_prefixes.#": "0",
                            "security_rule.2455716876.source_application_security_group_ids.#": "0",
                            "security_rule.2455716876.source_port_range": "*",
                            "security_rule.2455716876.source_port_ranges.#": "0",
                            "tags.%": "0"
                        },
                        "meta": {},
                        "tainted": false
                    },
                    "deposed": [],
                    "provider": "provider.azurerm"
                },
                "azurerm_network_security_group.myNsg2": {
                    "type": "azurerm_network_security_group",
                    "depends_on": [
                        "azurerm_resource_group.rg"
                    ],
                    "primary": {
                        "id": "/subscriptions/3ce1e65b-0d33-4c30-b8f0-d9414f79745c/resourceGroups/RgFormationTerraform/providers/Microsoft.Network/networkSecurityGroups/myNsg2",
                        "attributes": {
                            "id": "/subscriptions/3ce1e65b-0d33-4c30-b8f0-d9414f79745c/resourceGroups/RgFormationTerraform/providers/Microsoft.Network/networkSecurityGroups/myNsg2",
                            "location": "francecentral",
                            "name": "myNsg2",
                            "resource_group_name": "RgFormationTerraform",
                            "security_rule.#": "2",
                            "security_rule.2090309246.access": "Allow",
                            "security_rule.2090309246.description": "",
                            "security_rule.2090309246.destination_address_prefix": "*",
                            "security_rule.2090309246.destination_address_prefixes.#": "0",
                            "security_rule.2090309246.destination_application_security_group_ids.#": "0",
                            "security_rule.2090309246.destination_port_range": "22",
                            "security_rule.2090309246.destination_port_ranges.#": "0",
                            "security_rule.2090309246.direction": "Inbound",
                            "security_rule.2090309246.name": "SSH",
                            "security_rule.2090309246.priority": "1001",
                            "security_rule.2090309246.protocol": "Tcp",
                            "security_rule.2090309246.source_address_prefix": "*",
                            "security_rule.2090309246.source_address_prefixes.#": "0",
                            "security_rule.2090309246.source_application_security_group_ids.#": "0",
                            "security_rule.2090309246.source_port_range": "*",
                            "security_rule.2090309246.source_port_ranges.#": "0",
                            "security_rule.2455716876.access": "Allow",
                            "security_rule.2455716876.description": "",
                            "security_rule.2455716876.destination_address_prefix": "*",
                            "security_rule.2455716876.destination_address_prefixes.#": "0",
                            "security_rule.2455716876.destination_application_security_group_ids.#": "0",
                            "security_rule.2455716876.destination_port_range": "80",
                            "security_rule.2455716876.destination_port_ranges.#": "0",
                            "security_rule.2455716876.direction": "Inbound",
                            "security_rule.2455716876.name": "HTTP",
                            "security_rule.2455716876.priority": "1002",
                            "security_rule.2455716876.protocol": "Tcp",
                            "security_rule.2455716876.source_address_prefix": "*",
                            "security_rule.2455716876.source_address_prefixes.#": "0",
                            "security_rule.2455716876.source_application_security_group_ids.#": "0",
                            "security_rule.2455716876.source_port_range": "*",
                            "security_rule.2455716876.source_port_ranges.#": "0",
                            "tags.%": "0"
                        },
                        "meta": {},
                        "tainted": false
                    },
                    "deposed": [],
                    "provider": "provider.azurerm"
                },
                "azurerm_public_ip.myPubIp1": {
                    "type": "azurerm_public_ip",
                    "depends_on": [
                        "azurerm_resource_group.rg"
                    ],
                    "primary": {
                        "id": "/subscriptions/3ce1e65b-0d33-4c30-b8f0-d9414f79745c/resourceGroups/RgFormationTerraform/providers/Microsoft.Network/publicIPAddresses/myPubIp1",
                        "attributes": {
                            "allocation_method": "Dynamic",
                            "id": "/subscriptions/3ce1e65b-0d33-4c30-b8f0-d9414f79745c/resourceGroups/RgFormationTerraform/providers/Microsoft.Network/publicIPAddresses/myPubIp1",
                            "idle_timeout_in_minutes": "4",
                            "ip_address": "20.188.42.240",
                            "ip_version": "IPv4",
                            "location": "francecentral",
                            "name": "myPubIp1",
                            "public_ip_address_allocation": "Dynamic",
                            "resource_group_name": "RgFormationTerraform",
                            "sku": "Basic",
                            "tags.%": "0",
                            "zones.#": "0"
                        },
                        "meta": {},
                        "tainted": false
                    },
                    "deposed": [],
                    "provider": "provider.azurerm"
                },
                "azurerm_public_ip.myPubIp2": {
                    "type": "azurerm_public_ip",
                    "depends_on": [
                        "azurerm_resource_group.rg"
                    ],
                    "primary": {
                        "id": "/subscriptions/3ce1e65b-0d33-4c30-b8f0-d9414f79745c/resourceGroups/RgFormationTerraform/providers/Microsoft.Network/publicIPAddresses/myPubIp2",
                        "attributes": {
                            "allocation_method": "Dynamic",
                            "id": "/subscriptions/3ce1e65b-0d33-4c30-b8f0-d9414f79745c/resourceGroups/RgFormationTerraform/providers/Microsoft.Network/publicIPAddresses/myPubIp2",
                            "idle_timeout_in_minutes": "4",
                            "ip_address": "",
                            "ip_version": "IPv4",
                            "location": "francecentral",
                            "name": "myPubIp2",
                            "public_ip_address_allocation": "Dynamic",
                            "resource_group_name": "RgFormationTerraform",
                            "sku": "Basic",
                            "tags.%": "0",
                            "zones.#": "0"
                        },
                        "meta": {},
                        "tainted": false
                    },
                    "deposed": [],
                    "provider": "provider.azurerm"
                },
                "azurerm_resource_group.rg": {
                    "type": "azurerm_resource_group",
                    "depends_on": [],
                    "primary": {
                        "id": "/subscriptions/3ce1e65b-0d33-4c30-b8f0-d9414f79745c/resourceGroups/RgFormationTerraform",
                        "attributes": {
                            "id": "/subscriptions/3ce1e65b-0d33-4c30-b8f0-d9414f79745c/resourceGroups/RgFormationTerraform",
                            "location": "francecentral",
                            "name": "RgFormationTerraform",
                            "tags.%": "1",
                            "tags.owner": "yous"
                        },
                        "meta": {},
                        "tainted": false
                    },
                    "deposed": [],
                    "provider": "provider.azurerm"
                },
                "azurerm_subnet.mySubnet1": {
                    "type": "azurerm_subnet",
                    "depends_on": [
                        "azurerm_resource_group.rg",
                        "azurerm_virtual_network.myFirstVnet"
                    ],
                    "primary": {
                        "id": "/subscriptions/3ce1e65b-0d33-4c30-b8f0-d9414f79745c/resourceGroups/RgFormationTerraform/providers/Microsoft.Network/virtualNetworks/testVnet/subnets/mySubnet1",
                        "attributes": {
                            "address_prefix": "10.0.0.0/24",
                            "delegation.#": "0",
                            "enforce_private_link_endpoint_network_policies": "false",
                            "enforce_private_link_service_network_policies": "false",
                            "id": "/subscriptions/3ce1e65b-0d33-4c30-b8f0-d9414f79745c/resourceGroups/RgFormationTerraform/providers/Microsoft.Network/virtualNetworks/testVnet/subnets/mySubnet1",
                            "ip_configurations.#": "1",
                            "ip_configurations.4113829228": "/subscriptions/3ce1e65b-0d33-4c30-b8f0-d9414f79745c/resourceGroups/RgFormationTerraform/providers/Microsoft.Network/networkInterfaces/NIC1/ipConfigurations/TestNICCONFG1",
                            "name": "mySubnet1",
                            "network_security_group_id": "",
                            "resource_group_name": "RgFormationTerraform",
                            "route_table_id": "",
                            "service_endpoints.#": "0",
                            "virtual_network_name": "testVnet"
                        },
                        "meta": {},
                        "tainted": false
                    },
                    "deposed": [],
                    "provider": "provider.azurerm"
                },
                "azurerm_subnet.mySubnet2": {
                    "type": "azurerm_subnet",
                    "depends_on": [
                        "azurerm_resource_group.rg",
                        "azurerm_virtual_network.myFirstVnet"
                    ],
                    "primary": {
                        "id": "/subscriptions/3ce1e65b-0d33-4c30-b8f0-d9414f79745c/resourceGroups/RgFormationTerraform/providers/Microsoft.Network/virtualNetworks/testVnet/subnets/mySubnet2",
                        "attributes": {
                            "address_prefix": "10.0.1.0/24",
                            "delegation.#": "0",
                            "enforce_private_link_endpoint_network_policies": "false",
                            "enforce_private_link_service_network_policies": "false",
                            "id": "/subscriptions/3ce1e65b-0d33-4c30-b8f0-d9414f79745c/resourceGroups/RgFormationTerraform/providers/Microsoft.Network/virtualNetworks/testVnet/subnets/mySubnet2",
                            "ip_configurations.#": "0",
                            "name": "mySubnet2",
                            "network_security_group_id": "",
                            "resource_group_name": "RgFormationTerraform",
                            "route_table_id": "",
                            "service_endpoints.#": "0",
                            "virtual_network_name": "testVnet"
                        },
                        "meta": {},
                        "tainted": false
                    },
                    "deposed": [],
                    "provider": "provider.azurerm"
                },
                "azurerm_virtual_machine.MyVm1": {
                    "type": "azurerm_virtual_machine",
                    "depends_on": [
                        "azurerm_network_interface.NIC1",
                        "azurerm_resource_group.rg"
                    ],
                    "primary": {
                        "id": "/subscriptions/3ce1e65b-0d33-4c30-b8f0-d9414f79745c/resourceGroups/RgFormationTerraform/providers/Microsoft.Compute/virtualMachines/Vm1",
                        "attributes": {
                            "additional_capabilities.#": "0",
                            "delete_data_disks_on_termination": "false",
                            "delete_os_disk_on_termination": "false",
                            "id": "/subscriptions/3ce1e65b-0d33-4c30-b8f0-d9414f79745c/resourceGroups/RgFormationTerraform/providers/Microsoft.Compute/virtualMachines/Vm1",
                            "identity.#": "0",
                            "location": "francecentral",
                            "name": "Vm1",
                            "network_interface_ids.#": "1",
                            "network_interface_ids.0": "/subscriptions/3ce1e65b-0d33-4c30-b8f0-d9414f79745c/resourceGroups/RgFormationTerraform/providers/Microsoft.Network/networkInterfaces/NIC1",
                            "os_profile.#": "1",
                            "os_profile.883704981.admin_password": "",
                            "os_profile.883704981.admin_username": "yous",
                            "os_profile.883704981.computer_name": "vm1",
                            "os_profile.883704981.custom_data": "",
                            "os_profile_linux_config.#": "1",
                            "os_profile_linux_config.69840937.disable_password_authentication": "true",
                            "os_profile_linux_config.69840937.ssh_keys.#": "1",
                            "os_profile_linux_config.69840937.ssh_keys.0.key_data": "ssh-rsa AAAAB3NzaC1yc2EAAAADAQABAAABAQCeAovJ7QfmwmWPqAjNrJMM3/hSi5mtK1KDgSe1G+vhBw4h89TNUpBbzxds4nj+AC2CwwGnEo8yY+un8fQqqUmMbtOA1Z9bw2UilcstPzj2LgM9et5qpd5X/rkcw/sMW4WcadveqacMZF1cZrlf1y89drAUpW3XB6PKnp3bRkjOxeTvFAw78xrqaCjilygKVxvrovVl8A/JIJPdzeYi7Gx2q/1SIwETPURygWybh+e2i+EXSmPys9iFl7I+VNWeCzJnosALhzDgJKBINUfGopruA3FAh5WWRZ+jw80EKnlIuCc5gsRSOKjvvme+sOY4yWS9ICYcSXXA8FaFjop3caHr Mykey",
                            "os_profile_linux_config.69840937.ssh_keys.0.path": "/home/yous/.ssh/authorized_keys",
                            "os_profile_secrets.#": "0",
                            "os_profile_windows_config.#": "0",
                            "plan.#": "0",
                            "resource_group_name": "RgFormationTerraform",
                            "storage_data_disk.#": "0",
                            "storage_image_reference.#": "1",
                            "storage_image_reference.3239344252.id": "",
                            "storage_image_reference.3239344252.offer": "CentOS",
                            "storage_image_reference.3239344252.publisher": "OpenLogic",
                            "storage_image_reference.3239344252.sku": "7.6",
                            "storage_image_reference.3239344252.version": "latest",
                            "storage_os_disk.#": "1",
                            "storage_os_disk.0.caching": "ReadWrite",
                            "storage_os_disk.0.create_option": "FromImage",
                            "storage_os_disk.0.disk_size_gb": "30",
                            "storage_os_disk.0.image_uri": "",
                            "storage_os_disk.0.managed_disk_id": "/subscriptions/3ce1e65b-0d33-4c30-b8f0-d9414f79745c/resourceGroups/RGFORMATIONTERRAFORM/providers/Microsoft.Compute/disks/Disk1",
                            "storage_os_disk.0.managed_disk_type": "Standard_LRS",
                            "storage_os_disk.0.name": "Disk1",
                            "storage_os_disk.0.os_type": "Linux",
                            "storage_os_disk.0.vhd_uri": "",
                            "storage_os_disk.0.write_accelerator_enabled": "false",
                            "tags.%": "0",
                            "vm_size": "Standard_B1s",
                            "zones.#": "0"
                        },
                        "meta": {},
                        "tainted": false
                    },
                    "deposed": [],
                    "provider": "provider.azurerm"
                },
                "azurerm_virtual_machine.MyVm2": {
                    "type": "azurerm_virtual_machine",
                    "depends_on": [
                        "azurerm_network_interface.NIC2",
                        "azurerm_resource_group.rg"
                    ],
                    "primary": {
                        "id": "/subscriptions/3ce1e65b-0d33-4c30-b8f0-d9414f79745c/resourceGroups/RgFormationTerraform/providers/Microsoft.Compute/virtualMachines/Vm2",
                        "attributes": {
                            "additional_capabilities.#": "0",
                            "delete_data_disks_on_termination": "false",
                            "delete_os_disk_on_termination": "false",
                            "id": "/subscriptions/3ce1e65b-0d33-4c30-b8f0-d9414f79745c/resourceGroups/RgFormationTerraform/providers/Microsoft.Compute/virtualMachines/Vm2",
                            "identity.#": "0",
                            "location": "francecentral",
                            "name": "Vm2",
                            "network_interface_ids.#": "1",
                            "network_interface_ids.0": "/subscriptions/3ce1e65b-0d33-4c30-b8f0-d9414f79745c/resourceGroups/RgFormationTerraform/providers/Microsoft.Network/networkInterfaces/NIC2",
                            "os_profile.#": "1",
                            "os_profile.2646624215.admin_password": "",
                            "os_profile.2646624215.admin_username": "Ousmana",
                            "os_profile.2646624215.computer_name": "vm2",
                            "os_profile.2646624215.custom_data": "",
                            "os_profile_linux_config.#": "1",
                            "os_profile_linux_config.69840937.disable_password_authentication": "true",
                            "os_profile_linux_config.69840937.ssh_keys.#": "1",
                            "os_profile_linux_config.69840937.ssh_keys.0.key_data": "ssh-rsa AAAAB3NzaC1yc2EAAAADAQABAAABAQCeAovJ7QfmwmWPqAjNrJMM3/hSi5mtK1KDgSe1G+vhBw4h89TNUpBbzxds4nj+AC2CwwGnEo8yY+un8fQqqUmMbtOA1Z9bw2UilcstPzj2LgM9et5qpd5X/rkcw/sMW4WcadveqacMZF1cZrlf1y89drAUpW3XB6PKnp3bRkjOxeTvFAw78xrqaCjilygKVxvrovVl8A/JIJPdzeYi7Gx2q/1SIwETPURygWybh+e2i+EXSmPys9iFl7I+VNWeCzJnosALhzDgJKBINUfGopruA3FAh5WWRZ+jw80EKnlIuCc5gsRSOKjvvme+sOY4yWS9ICYcSXXA8FaFjop3caHr Mykey",
                            "os_profile_linux_config.69840937.ssh_keys.0.path": "/home/Ousmana/.ssh/authorized_keys",
                            "os_profile_secrets.#": "0",
                            "os_profile_windows_config.#": "0",
                            "plan.#": "0",
                            "resource_group_name": "RgFormationTerraform",
                            "storage_data_disk.#": "0",
                            "storage_image_reference.#": "1",
                            "storage_image_reference.3239344252.id": "",
                            "storage_image_reference.3239344252.offer": "CentOS",
                            "storage_image_reference.3239344252.publisher": "OpenLogic",
                            "storage_image_reference.3239344252.sku": "7.6",
                            "storage_image_reference.3239344252.version": "latest",
                            "storage_os_disk.#": "1",
                            "storage_os_disk.0.caching": "ReadWrite",
                            "storage_os_disk.0.create_option": "FromImage",
                            "storage_os_disk.0.disk_size_gb": "30",
                            "storage_os_disk.0.image_uri": "",
                            "storage_os_disk.0.managed_disk_id": "/subscriptions/3ce1e65b-0d33-4c30-b8f0-d9414f79745c/resourceGroups/RGFORMATIONTERRAFORM/providers/Microsoft.Compute/disks/Disk2",
                            "storage_os_disk.0.managed_disk_type": "Standard_LRS",
                            "storage_os_disk.0.name": "Disk2",
                            "storage_os_disk.0.os_type": "Linux",
                            "storage_os_disk.0.vhd_uri": "",
                            "storage_os_disk.0.write_accelerator_enabled": "false",
                            "tags.%": "0",
                            "vm_size": "Standard_B1s",
                            "zones.#": "0"
                        },
                        "meta": {},
                        "tainted": false
                    },
                    "deposed": [],
                    "provider": "provider.azurerm"
                },
                "azurerm_virtual_network.myFirstVnet": {
                    "type": "azurerm_virtual_network",
                    "depends_on": [
                        "azurerm_resource_group.rg"
                    ],
                    "primary": {
                        "id": "/subscriptions/3ce1e65b-0d33-4c30-b8f0-d9414f79745c/resourceGroups/RgFormationTerraform/providers/Microsoft.Network/virtualNetworks/testVnet",
                        "attributes": {
                            "address_space.#": "1",
                            "address_space.0": "10.0.0.0/16",
                            "ddos_protection_plan.#": "0",
                            "dns_servers.#": "0",
                            "id": "/subscriptions/3ce1e65b-0d33-4c30-b8f0-d9414f79745c/resourceGroups/RgFormationTerraform/providers/Microsoft.Network/virtualNetworks/testVnet",
                            "location": "francecentral",
                            "name": "testVnet",
                            "resource_group_name": "RgFormationTerraform",
                            "subnet.#": "1",
                            "subnet.2528275301.address_prefix": "10.0.0.0/24",
                            "subnet.2528275301.id": "/subscriptions/3ce1e65b-0d33-4c30-b8f0-d9414f79745c/resourceGroups/RgFormationTerraform/providers/Microsoft.Network/virtualNetworks/testVnet/subnets/mySubnet1",
                            "subnet.2528275301.name": "mySubnet1",
                            "subnet.2528275301.security_group": "",
                            "tags.%": "0"
                        },
                        "meta": {},
                        "tainted": false
                    },
                    "deposed": [],
                    "provider": "provider.azurerm"
                }
            },
            "depends_on": []
        }
    ]
}
